
Microsoft Visual Studio Solution File, Format Version 12.00
# Visual Studio Version 17
VisualStudioVersion = 17.7.34202.233
MinimumVisualStudioVersion = 10.0.40219.1
Project("{FAE04EC0-301F-11D3-BF4B-00C04F79EFBC}") = "C-Sharp-Console-App-MY", "C-Sharp-Console-App-MY\C-Sharp-Console-App-MY.csproj", "{208AF0A4-D1FD-4B1A-BC81-7D76AE76B2D4}"
EndProject
Global
	GlobalSection(SolutionConfigurationPlatforms) = preSolution
		Debug|Any CPU = Debug|Any CPU
		Release|Any CPU = Release|Any CPU
	EndGlobalSection
	GlobalSection(ProjectConfigurationPlatforms) = postSolution
		{208AF0A4-D1FD-4B1A-BC81-7D76AE76B2D4}.Debug|Any CPU.ActiveCfg = Debug|Any CPU
		{208AF0A4-D1FD-4B1A-BC81-7D76AE76B2D4}.Debug|Any CPU.Build.0 = Debug|Any CPU
		{208AF0A4-D1FD-4B1A-BC81-7D76AE76B2D4}.Release|Any CPU.ActiveCfg = Release|Any CPU
		{208AF0A4-D1FD-4B1A-BC81-7D76AE76B2D4}.Release|Any CPU.Build.0 = Release|Any CPU
	EndGlobalSection
	GlobalSection(SolutionProperties) = preSolution
		HideSolutionNode = FALSE
	EndGlobalSection
	GlobalSection(ExtensibilityGlobals) = postSolution
		SolutionGuid = {3500913B-9A80-49CF-A229-73B086B14F4E}
	EndGlobalSection
EndGlobal
